// !$*UTF8*$!
{
	archiveVersion = 1;
	classes = {
	};
	objectVersion = 56;
	objects = {

/* Begin PBXBuildFile section */
		0AB42CDDB962681D9ED36959 /* ElevenLabsConvService.swift in Sources */ = {isa = PBXBuildFile; fileRef = 8B5856D523D28CCEAA01A4A5 /* ElevenLabsConvService.swift */; };
		118A2A870EA2E089E7C31A73 /* VoiceIntakeView.swift in Sources */ = {isa = PBXBuildFile; fileRef = 3F338361E0FEDBF598F429A5 /* VoiceIntakeView.swift */; };
		9E704778F101D3B30AD1FBF8 /* IntakeChoiceView.swift in Sources */ = {isa = PBXBuildFile; fileRef = 67E0A0E48F9A0581272CB66D /* IntakeChoiceView.swift */; };
		B000000000000000000000001 /* FaroApp.swift in Sources */ = {isa = PBXBuildFile; fileRef = A000000000000000000000001 /* FaroApp.swift */; };
		B000000000000000000000002 /* APIModels.swift in Sources */ = {isa = PBXBuildFile; fileRef = A000000000000000000000002 /* APIModels.swift */; };
		B000000000000000000000003 /* APIService.swift in Sources */ = {isa = PBXBuildFile; fileRef = A000000000000000000000003 /* APIService.swift */; };
		B000000000000000000000004 /* WebSocketService.swift in Sources */ = {isa = PBXBuildFile; fileRef = A000000000000000000000004 /* WebSocketService.swift */; };
		B000000000000000000000005 /* APIConfig.swift in Sources */ = {isa = PBXBuildFile; fileRef = A000000000000000000000005 /* APIConfig.swift */; };
		B000000000000000000000006 /* OnboardingView.swift in Sources */ = {isa = PBXBuildFile; fileRef = A000000000000000000000006 /* OnboardingView.swift */; };
		B000000000000000000000007 /* AgentTrackerView.swift in Sources */ = {isa = PBXBuildFile; fileRef = A000000000000000000000007 /* AgentTrackerView.swift */; };
		B000000000000000000000008 /* CoverageDashboardView.swift in Sources */ = {isa = PBXBuildFile; fileRef = A000000000000000000000008 /* CoverageDashboardView.swift */; };
		B000000000000000000000009 /* Assets.xcassets in Resources */ = {isa = PBXBuildFile; fileRef = A000000000000000000000009 /* Assets.xcassets */; };
		B00000000000000000000000A /* PDFBuilder.swift in Sources */ = {isa = PBXBuildFile; fileRef = A00000000000000000000000B /* PDFBuilder.swift */; };
		B00000000000000000000000B /* WidgetDataWriter.swift in Sources */ = {isa = PBXBuildFile; fileRef = A00000000000000000000000C /* WidgetDataWriter.swift */; };
		B00000000000000000000000C /* PlatformColor.swift in Sources */ = {isa = PBXBuildFile; fileRef = A00000000000000000000000D /* PlatformColor.swift */; };
		B00000000000000000000000D /* FaroTheme.swift in Sources */ = {isa = PBXBuildFile; fileRef = A00000000000000000000000F /* FaroTheme.swift */; };
		B00000000000000000000000E /* FaroGlass.swift in Sources */ = {isa = PBXBuildFile; fileRef = A000000000000000000000010 /* FaroGlass.swift */; };
		B00000000000000000000000F /* FaroAppState.swift in Sources */ = {isa = PBXBuildFile; fileRef = A000000000000000000000011 /* FaroAppState.swift */; };
		B000000000000000000000010 /* FaroRootView.swift in Sources */ = {isa = PBXBuildFile; fileRef = A000000000000000000000012 /* FaroRootView.swift */; };
		B000000000000000000000011 /* FaroSettingsView.swift in Sources */ = {isa = PBXBuildFile; fileRef = A000000000000000000000013 /* FaroSettingsView.swift */; };
		B000000000000000000000012 /* RiskProfileView.swift in Sources */ = {isa = PBXBuildFile; fileRef = A000000000000000000000014 /* RiskProfileView.swift */; };
		B000000000000000000000013 /* SubmissionPacketView.swift in Sources */ = {isa = PBXBuildFile; fileRef = A000000000000000000000015 /* SubmissionPacketView.swift */; };
		B000000000000000000000014 /* SummaryPlayerView.swift in Sources */ = {isa = PBXBuildFile; fileRef = A000000000000000000000016 /* SummaryPlayerView.swift */; };
		B000000000000000000000015 /* PDFExportContent.swift in Sources */ = {isa = PBXBuildFile; fileRef = A000000000000000000000017 /* PDFExportContent.swift */; };
		F10000000000000000000001 /* FaroWidget.swift in Sources */ = {isa = PBXBuildFile; fileRef = F10000000000000000000012 /* FaroWidget.swift */; };
		F10000000000000000000002 /* FaroWidgetBundle.swift in Sources */ = {isa = PBXBuildFile; fileRef = F10000000000000000000013 /* FaroWidgetBundle.swift */; };
		F10000000000000000000003 /* FaroWidgetExtension.appex in Embed App Extensions */ = {isa = PBXBuildFile; fileRef = F10000000000000000000016 /* FaroWidgetExtension.appex */; settings = {ATTRIBUTES = (RemoveHeadersOnCopy, ); }; };
/* End PBXBuildFile section */

/* Begin PBXContainerItemProxy section */
		F10000000000000000000022 /* PBXContainerItemProxy */ = {
			isa = PBXContainerItemProxy;
			containerPortal = E000000000000000000000001 /* Project object */;
			proxyType = 1;
			remoteGlobalIDString = F10000000000000000000025;
			remoteInfo = FaroWidgetExtension;
		};
/* End PBXContainerItemProxy section */

/* Begin PBXCopyFilesBuildPhase section */
		F10000000000000000000021 /* Embed App Extensions */ = {
			isa = PBXCopyFilesBuildPhase;
			buildActionMask = 2147483647;
			dstPath = "";
			dstSubfolderSpec = 13;
			files = (
				F10000000000000000000003 /* FaroWidgetExtension.appex in Embed App Extensions */,
			);
			name = "Embed App Extensions";
			runOnlyForDeploymentPostprocessing = 0;
		};
/* End PBXCopyFilesBuildPhase section */

/* Begin PBXFileReference section */
		3F338361E0FEDBF598F429A5 /* VoiceIntakeView.swift */ = {isa = PBXFileReference; includeInIndex = 1; lastKnownFileType = sourcecode.swift; path = VoiceIntakeView.swift; sourceTree = "<group>"; };
		67E0A0E48F9A0581272CB66D /* IntakeChoiceView.swift */ = {isa = PBXFileReference; includeInIndex = 1; lastKnownFileType = sourcecode.swift; path = IntakeChoiceView.swift; sourceTree = "<group>"; };
		8B5856D523D28CCEAA01A4A5 /* ElevenLabsConvService.swift */ = {isa = PBXFileReference; includeInIndex = 1; lastKnownFileType = sourcecode.swift; path = ElevenLabsConvService.swift; sourceTree = "<group>"; };
		A000000000000000000000001 /* FaroApp.swift */ = {isa = PBXFileReference; lastKnownFileType = sourcecode.swift; path = FaroApp.swift; sourceTree = "<group>"; };
		A000000000000000000000002 /* APIModels.swift */ = {isa = PBXFileReference; lastKnownFileType = sourcecode.swift; path = APIModels.swift; sourceTree = "<group>"; };
		A000000000000000000000003 /* APIService.swift */ = {isa = PBXFileReference; lastKnownFileType = sourcecode.swift; path = APIService.swift; sourceTree = "<group>"; };
		A000000000000000000000004 /* WebSocketService.swift */ = {isa = PBXFileReference; lastKnownFileType = sourcecode.swift; path = WebSocketService.swift; sourceTree = "<group>"; };
		A000000000000000000000005 /* APIConfig.swift */ = {isa = PBXFileReference; lastKnownFileType = sourcecode.swift; path = APIConfig.swift; sourceTree = "<group>"; };
		A000000000000000000000006 /* OnboardingView.swift */ = {isa = PBXFileReference; lastKnownFileType = sourcecode.swift; path = OnboardingView.swift; sourceTree = "<group>"; };
		A000000000000000000000007 /* AgentTrackerView.swift */ = {isa = PBXFileReference; lastKnownFileType = sourcecode.swift; path = AgentTrackerView.swift; sourceTree = "<group>"; };
		A000000000000000000000008 /* CoverageDashboardView.swift */ = {isa = PBXFileReference; lastKnownFileType = sourcecode.swift; path = CoverageDashboardView.swift; sourceTree = "<group>"; };
		A000000000000000000000009 /* Assets.xcassets */ = {isa = PBXFileReference; lastKnownFileType = folder.assetcatalog; path = Assets.xcassets; sourceTree = "<group>"; };
		A00000000000000000000000A /* Info.plist */ = {isa = PBXFileReference; lastKnownFileType = text.plist.xml; path = Info.plist; sourceTree = "<group>"; };
		A00000000000000000000000B /* PDFBuilder.swift */ = {isa = PBXFileReference; lastKnownFileType = sourcecode.swift; path = PDFBuilder.swift; sourceTree = "<group>"; };
		A00000000000000000000000C /* WidgetDataWriter.swift */ = {isa = PBXFileReference; lastKnownFileType = sourcecode.swift; path = WidgetDataWriter.swift; sourceTree = "<group>"; };
		A00000000000000000000000D /* PlatformColor.swift */ = {isa = PBXFileReference; lastKnownFileType = sourcecode.swift; path = PlatformColor.swift; sourceTree = "<group>"; };
		A00000000000000000000000E /* Faro.entitlements */ = {isa = PBXFileReference; lastKnownFileType = text.plist.entitlements; path = Faro.entitlements; sourceTree = "<group>"; };
		A00000000000000000000000F /* FaroTheme.swift */ = {isa = PBXFileReference; lastKnownFileType = sourcecode.swift; path = FaroTheme.swift; sourceTree = "<group>"; };
		A000000000000000000000010 /* FaroGlass.swift */ = {isa = PBXFileReference; lastKnownFileType = sourcecode.swift; path = FaroGlass.swift; sourceTree = "<group>"; };
		A000000000000000000000011 /* FaroAppState.swift */ = {isa = PBXFileReference; lastKnownFileType = sourcecode.swift; path = FaroAppState.swift; sourceTree = "<group>"; };
		A000000000000000000000012 /* FaroRootView.swift */ = {isa = PBXFileReference; lastKnownFileType = sourcecode.swift; path = FaroRootView.swift; sourceTree = "<group>"; };
		A000000000000000000000013 /* FaroSettingsView.swift */ = {isa = PBXFileReference; lastKnownFileType = sourcecode.swift; path = FaroSettingsView.swift; sourceTree = "<group>"; };
		A000000000000000000000014 /* RiskProfileView.swift */ = {isa = PBXFileReference; lastKnownFileType = sourcecode.swift; path = RiskProfileView.swift; sourceTree = "<group>"; };
		A000000000000000000000015 /* SubmissionPacketView.swift */ = {isa = PBXFileReference; lastKnownFileType = sourcecode.swift; path = SubmissionPacketView.swift; sourceTree = "<group>"; };
		A000000000000000000000016 /* SummaryPlayerView.swift */ = {isa = PBXFileReference; lastKnownFileType = sourcecode.swift; path = SummaryPlayerView.swift; sourceTree = "<group>"; };
		A000000000000000000000017 /* PDFExportContent.swift */ = {isa = PBXFileReference; lastKnownFileType = sourcecode.swift; path = PDFExportContent.swift; sourceTree = "<group>"; };
		D000000000000000000000001 /* Faro.app */ = {isa = PBXFileReference; explicitFileType = wrapper.application; includeInIndex = 0; path = Faro.app; sourceTree = BUILT_PRODUCTS_DIR; };
		F10000000000000000000011 /* FaroIOS.entitlements */ = {isa = PBXFileReference; lastKnownFileType = text.plist.entitlements; path = FaroIOS.entitlements; sourceTree = "<group>"; };
		F10000000000000000000012 /* FaroWidget.swift */ = {isa = PBXFileReference; lastKnownFileType = sourcecode.swift; path = FaroWidget.swift; sourceTree = "<group>"; };
		F10000000000000000000013 /* FaroWidgetBundle.swift */ = {isa = PBXFileReference; lastKnownFileType = sourcecode.swift; path = FaroWidgetBundle.swift; sourceTree = "<group>"; };
		F10000000000000000000014 /* Info.plist */ = {isa = PBXFileReference; lastKnownFileType = text.plist.xml; path = Info.plist; sourceTree = "<group>"; };
		F10000000000000000000015 /* FaroWidget.entitlements */ = {isa = PBXFileReference; lastKnownFileType = text.plist.entitlements; path = FaroWidget.entitlements; sourceTree = "<group>"; };
		F10000000000000000000016 /* FaroWidgetExtension.appex */ = {isa = PBXFileReference; explicitFileType = "wrapper.app-extension"; includeInIndex = 0; path = FaroWidgetExtension.appex; sourceTree = BUILT_PRODUCTS_DIR; };
/* End PBXFileReference section */

/* Begin PBXFrameworksBuildPhase section */
		E000000000000000000000005 /* Frameworks */ = {
			isa = PBXFrameworksBuildPhase;
			buildActionMask = 2147483647;
			files = (
			);
			runOnlyForDeploymentPostprocessing = 0;
		};
		F10000000000000000000023 /* Frameworks */ = {
			isa = PBXFrameworksBuildPhase;
			buildActionMask = 2147483647;
			files = (
			);
			runOnlyForDeploymentPostprocessing = 0;
		};
/* End PBXFrameworksBuildPhase section */

/* Begin PBXGroup section */
		C000000000000000000000001 = {
			isa = PBXGroup;
			children = (
				C000000000000000000000002 /* Faro */,
				F10000000000000000000024 /* FaroWidget */,
				C000000000000000000000006 /* Products */,
			);
			sourceTree = "<group>";
		};
		C000000000000000000000002 /* Faro */ = {
			isa = PBXGroup;
			children = (
				A000000000000000000000001 /* FaroApp.swift */,
				A000000000000000000000011 /* FaroAppState.swift */,
				C000000000000000000000009 /* DesignSystem */,
				C000000000000000000000003 /* Models */,
				C000000000000000000000004 /* Services */,
				C000000000000000000000007 /* Utilities */,
				C000000000000000000000008 /* Platform */,
				C000000000000000000000005 /* Views */,
				A000000000000000000000009 /* Assets.xcassets */,
				A00000000000000000000000A /* Info.plist */,
				A00000000000000000000000E /* Faro.entitlements */,
				F10000000000000000000011 /* FaroIOS.entitlements */,
			);
			path = Faro;
			sourceTree = "<group>";
		};
		C000000000000000000000003 /* Models */ = {
			isa = PBXGroup;
			children = (
				A000000000000000000000002 /* APIModels.swift */,
			);
			path = Models;
			sourceTree = "<group>";
		};
		C000000000000000000000004 /* Services */ = {
			isa = PBXGroup;
			children = (
				A000000000000000000000003 /* APIService.swift */,
				A000000000000000000000004 /* WebSocketService.swift */,
				A000000000000000000000005 /* APIConfig.swift */,
				8B5856D523D28CCEAA01A4A5 /* ElevenLabsConvService.swift */,
			);
			path = Services;
			sourceTree = "<group>";
		};
		C000000000000000000000005 /* Views */ = {
			isa = PBXGroup;
			children = (
				A000000000000000000000012 /* FaroRootView.swift */,
				A000000000000000000000006 /* OnboardingView.swift */,
				A000000000000000000000007 /* AgentTrackerView.swift */,
				A000000000000000000000008 /* CoverageDashboardView.swift */,
				A000000000000000000000013 /* FaroSettingsView.swift */,
				A000000000000000000000014 /* RiskProfileView.swift */,
				A000000000000000000000015 /* SubmissionPacketView.swift */,
				A000000000000000000000016 /* SummaryPlayerView.swift */,
				67E0A0E48F9A0581272CB66D /* IntakeChoiceView.swift */,
				3F338361E0FEDBF598F429A5 /* VoiceIntakeView.swift */,
			);
			path = Views;
			sourceTree = "<group>";
		};
		C000000000000000000000006 /* Products */ = {
			isa = PBXGroup;
			children = (
				D000000000000000000000001 /* Faro.app */,
				F10000000000000000000016 /* FaroWidgetExtension.appex */,
			);
			name = Products;
			sourceTree = "<group>";
		};
		C000000000000000000000007 /* Utilities */ = {
			isa = PBXGroup;
			children = (
				A00000000000000000000000B /* PDFBuilder.swift */,
				A000000000000000000000017 /* PDFExportContent.swift */,
				A00000000000000000000000C /* WidgetDataWriter.swift */,
			);
			path = Utilities;
			sourceTree = "<group>";
		};
		C000000000000000000000008 /* Platform */ = {
			isa = PBXGroup;
			children = (
				A00000000000000000000000D /* PlatformColor.swift */,
			);
			path = Platform;
			sourceTree = "<group>";
		};
		C000000000000000000000009 /* DesignSystem */ = {
			isa = PBXGroup;
			children = (
				A00000000000000000000000F /* FaroTheme.swift */,
				A000000000000000000000010 /* FaroGlass.swift */,
			);
			path = DesignSystem;
			sourceTree = "<group>";
		};
		F10000000000000000000024 /* FaroWidget */ = {
			isa = PBXGroup;
			children = (
				F10000000000000000000012 /* FaroWidget.swift */,
				F10000000000000000000013 /* FaroWidgetBundle.swift */,
				F10000000000000000000014 /* Info.plist */,
				F10000000000000000000015 /* FaroWidget.entitlements */,
			);
			path = FaroWidget;
			sourceTree = "<group>";
		};
/* End PBXGroup section */

/* Begin PBXNativeTarget section */
		E000000000000000000000002 /* Faro */ = {
			isa = PBXNativeTarget;
			buildConfigurationList = E00000000000000000000000B /* Build configuration list for PBXNativeTarget "Faro" */;
			buildPhases = (
				E000000000000000000000003 /* Sources */,
				E000000000000000000000005 /* Frameworks */,
				E000000000000000000000004 /* Resources */,
				F10000000000000000000021 /* Embed App Extensions */,
			);
			buildRules = (
			);
			dependencies = (
				F10000000000000000000028 /* PBXTargetDependency */,
			);
			name = Faro;
			productName = Faro;
			productReference = D000000000000000000000001 /* Faro.app */;
			productType = "com.apple.product-type.application";
		};
		F10000000000000000000025 /* FaroWidgetExtension */ = {
			isa = PBXNativeTarget;
			buildConfigurationList = F1000000000000000000002B /* Build configuration list for PBXNativeTarget "FaroWidgetExtension" */;
			buildPhases = (
				F10000000000000000000027 /* Sources */,
				F10000000000000000000023 /* Frameworks */,
				F10000000000000000000026 /* Resources */,
			);
			buildRules = (
			);
			dependencies = (
			);
			name = FaroWidgetExtension;
			productName = FaroWidgetExtension;
			productReference = F10000000000000000000016 /* FaroWidgetExtension.appex */;
			productType = "com.apple.product-type.app-extension";
		};
/* End PBXNativeTarget section */

/* Begin PBXProject section */
		E000000000000000000000001 /* Project object */ = {
			isa = PBXProject;
			attributes = {
				BuildIndependentTargetsInParallel = 1;
				LastSwiftUpdateCheck = 1500;
				LastUpgradeCheck = 2640;
				TargetAttributes = {
					E000000000000000000000002 = {
						CreatedOnToolsVersion = 15.0;
					};
					F10000000000000000000025 = {
						CreatedOnToolsVersion = 15.0;
					};
				};
			};
			buildConfigurationList = E00000000000000000000000A /* Build configuration list for PBXProject "Faro" */;
			compatibilityVersion = "Xcode 14.0";
			developmentRegion = en;
			hasScannedForEncodings = 0;
			knownRegions = (
				en,
				Base,
			);
			mainGroup = C000000000000000000000001;
			productRefGroup = C000000000000000000000006 /* Products */;
			projectDirPath = "";
			projectRoot = "";
			targets = (
				E000000000000000000000002 /* Faro */,
				F10000000000000000000025 /* FaroWidgetExtension */,
			);
		};
/* End PBXProject section */

/* Begin PBXResourcesBuildPhase section */
		E000000000000000000000004 /* Resources */ = {
			isa = PBXResourcesBuildPhase;
			buildActionMask = 2147483647;
			files = (
				B000000000000000000000009 /* Assets.xcassets in Resources */,
			);
			runOnlyForDeploymentPostprocessing = 0;
		};
		F10000000000000000000026 /* Resources */ = {
			isa = PBXResourcesBuildPhase;
			buildActionMask = 2147483647;
			files = (
			);
			runOnlyForDeploymentPostprocessing = 0;
		};
/* End PBXResourcesBuildPhase section */

/* Begin PBXSourcesBuildPhase section */
		E000000000000000000000003 /* Sources */ = {
			isa = PBXSourcesBuildPhase;
			buildActionMask = 2147483647;
			files = (
				B000000000000000000000001 /* FaroApp.swift in Sources */,
				B000000000000000000000002 /* APIModels.swift in Sources */,
				B000000000000000000000003 /* APIService.swift in Sources */,
				B000000000000000000000004 /* WebSocketService.swift in Sources */,
				B000000000000000000000005 /* APIConfig.swift in Sources */,
				B000000000000000000000006 /* OnboardingView.swift in Sources */,
				B000000000000000000000007 /* AgentTrackerView.swift in Sources */,
				B000000000000000000000008 /* CoverageDashboardView.swift in Sources */,
				B00000000000000000000000A /* PDFBuilder.swift in Sources */,
				B000000000000000000000015 /* PDFExportContent.swift in Sources */,
				B00000000000000000000000B /* WidgetDataWriter.swift in Sources */,
				B00000000000000000000000C /* PlatformColor.swift in Sources */,
				B00000000000000000000000D /* FaroTheme.swift in Sources */,
				B00000000000000000000000E /* FaroGlass.swift in Sources */,
				B00000000000000000000000F /* FaroAppState.swift in Sources */,
				B000000000000000000000010 /* FaroRootView.swift in Sources */,
				B000000000000000000000011 /* FaroSettingsView.swift in Sources */,
				B000000000000000000000012 /* RiskProfileView.swift in Sources */,
				B000000000000000000000013 /* SubmissionPacketView.swift in Sources */,
				B000000000000000000000014 /* SummaryPlayerView.swift in Sources */,
				0AB42CDDB962681D9ED36959 /* ElevenLabsConvService.swift in Sources */,
				9E704778F101D3B30AD1FBF8 /* IntakeChoiceView.swift in Sources */,
				118A2A870EA2E089E7C31A73 /* VoiceIntakeView.swift in Sources */,
			);
			runOnlyForDeploymentPostprocessing = 0;
		};
		F10000000000000000000027 /* Sources */ = {
			isa = PBXSourcesBuildPhase;
			buildActionMask = 2147483647;
			files = (
				F10000000000000000000001 /* FaroWidget.swift in Sources */,
				F10000000000000000000002 /* FaroWidgetBundle.swift in Sources */,
			);
			runOnlyForDeploymentPostprocessing = 0;
		};
/* End PBXSourcesBuildPhase section */

/* Begin PBXTargetDependency section */
		F10000000000000000000028 /* PBXTargetDependency */ = {
			isa = PBXTargetDependency;
			target = F10000000000000000000025 /* FaroWidgetExtension */;
			targetProxy = F10000000000000000000022 /* PBXContainerItemProxy */;
		};
/* End PBXTargetDependency section */

/* Begin XCBuildConfiguration section */
		E000000000000000000000006 /* Debug */ = {
			isa = XCBuildConfiguration;
			buildSettings = {
				ALWAYS_SEARCH_USER_PATHS = NO;
				ASSETCATALOG_COMPILER_GENERATE_SWIFT_ASSET_SYMBOL_EXTENSIONS = YES;
				CLANG_ANALYZER_NONNULL = YES;
				CLANG_ANALYZER_NUMBER_OBJECT_CONVERSION = YES_AGGRESSIVE;
				CLANG_CXX_LANGUAGE_STANDARD = "gnu++20";
				CLANG_ENABLE_MODULES = YES;
				CLANG_ENABLE_OBJC_ARC = YES;
				CLANG_ENABLE_OBJC_WEAK = YES;
				CLANG_WARN_BLOCK_CAPTURE_AUTORELEASING = YES;
				CLANG_WARN_BOOL_CONVERSION = YES;
				CLANG_WARN_COMMA = YES;
				CLANG_WARN_CONSTANT_CONVERSION = YES;
				CLANG_WARN_DEPRECATED_OBJC_IMPLEMENTATIONS = YES;
				CLANG_WARN_DIRECT_OBJC_ISA_USAGE = YES_ERROR;
				CLANG_WARN_DOCUMENTATION_COMMENTS = YES;
				CLANG_WARN_EMPTY_BODY = YES;
				CLANG_WARN_ENUM_CONVERSION = YES;
				CLANG_WARN_INFINITE_RECURSION = YES;
				CLANG_WARN_INT_CONVERSION = YES;
				CLANG_WARN_NON_LITERAL_NULL_CONVERSION = YES;
				CLANG_WARN_OBJC_IMPLICIT_RETAIN_SELF = YES;
				CLANG_WARN_OBJC_LITERAL_CONVERSION = YES;
				CLANG_WARN_OBJC_ROOT_CLASS = YES_ERROR;
				CLANG_WARN_QUOTED_INCLUDE_IN_FRAMEWORK_HEADER = YES;
				CLANG_WARN_RANGE_LOOP_ANALYSIS = YES;
				CLANG_WARN_STRICT_PROTOTYPES = YES;
				CLANG_WARN_SUSPICIOUS_MOVE = YES;
				CLANG_WARN_UNGUARDED_AVAILABILITY = YES_AGGRESSIVE;
				CLANG_WARN_UNREACHABLE_CODE = YES;
				CLANG_WARN__DUPLICATE_METHOD_MATCH = YES;
				COPY_PHASE_STRIP = NO;
				DEAD_CODE_STRIPPING = YES;
				DEBUG_INFORMATION_FORMAT = dwarf;
				ENABLE_STRICT_OBJC_MSGSEND = YES;
				ENABLE_TESTABILITY = YES;
				ENABLE_USER_SCRIPT_SANDBOXING = YES;
				GCC_C_LANGUAGE_STANDARD = gnu17;
				GCC_DYNAMIC_NO_PIC = NO;
				GCC_NO_COMMON_BLOCKS = YES;
				GCC_OPTIMIZATION_LEVEL = 0;
				GCC_PREPROCESSOR_DEFINITIONS = (
					"DEBUG=1",
					"$(inherited)",
				);
				GCC_WARN_64_TO_32_BIT_CONVERSION = YES;
				GCC_WARN_ABOUT_RETURN_TYPE = YES_ERROR;
				GCC_WARN_UNDECLARED_SELECTOR = YES;
				GCC_WARN_UNINITIALIZED_AUTOS = YES_AGGRESSIVE;
				GCC_WARN_UNUSED_FUNCTION = YES;
				GCC_WARN_UNUSED_VARIABLE = YES;
				IPHONEOS_DEPLOYMENT_TARGET = 17.0;
				LOCALIZATION_PREFERS_STRING_CATALOGS = YES;
				MTL_ENABLE_DEBUG_INFO = INCLUDE_SOURCE;
				MTL_FAST_MATH = YES;
				ONLY_ACTIVE_ARCH = YES;
				SDKROOT = auto;
				STRING_CATALOG_GENERATE_SYMBOLS = YES;
				SWIFT_ACTIVE_COMPILATION_CONDITIONS = "DEBUG $(inherited)";
				SWIFT_OPTIMIZATION_LEVEL = "-Onone";
			};
			name = Debug;
		};
		E000000000000000000000007 /* Release */ = {
			isa = XCBuildConfiguration;
			buildSettings = {
				ALWAYS_SEARCH_USER_PATHS = NO;
				ASSETCATALOG_COMPILER_GENERATE_SWIFT_ASSET_SYMBOL_EXTENSIONS = YES;
				CLANG_ANALYZER_NONNULL = YES;
				CLANG_ANALYZER_NUMBER_OBJECT_CONVERSION = YES_AGGRESSIVE;
				CLANG_CXX_LANGUAGE_STANDARD = "gnu++20";
				CLANG_ENABLE_MODULES = YES;
				CLANG_ENABLE_OBJC_ARC = YES;
				CLANG_ENABLE_OBJC_WEAK = YES;
				CLANG_WARN_BLOCK_CAPTURE_AUTORELEASING = YES;
				CLANG_WARN_BOOL_CONVERSION = YES;
				CLANG_WARN_COMMA = YES;
				CLANG_WARN_CONSTANT_CONVERSION = YES;
				CLANG_WARN_DEPRECATED_OBJC_IMPLEMENTATIONS = YES;
				CLANG_WARN_DIRECT_OBJC_ISA_USAGE = YES_ERROR;
				CLANG_WARN_DOCUMENTATION_COMMENTS = YES;
				CLANG_WARN_EMPTY_BODY = YES;
				CLANG_WARN_ENUM_CONVERSION = YES;
				CLANG_WARN_INFINITE_RECURSION = YES;
				CLANG_WARN_INT_CONVERSION = YES;
				CLANG_WARN_NON_LITERAL_NULL_CONVERSION = YES;
				CLANG_WARN_OBJC_IMPLICIT_RETAIN_SELF = YES;
				CLANG_WARN_OBJC_LITERAL_CONVERSION = YES;
				CLANG_WARN_OBJC_ROOT_CLASS = YES_ERROR;
				CLANG_WARN_QUOTED_INCLUDE_IN_FRAMEWORK_HEADER = YES;
				CLANG_WARN_RANGE_LOOP_ANALYSIS = YES;
				CLANG_WARN_STRICT_PROTOTYPES = YES;
				CLANG_WARN_SUSPICIOUS_MOVE = YES;
				CLANG_WARN_UNGUARDED_AVAILABILITY = YES_AGGRESSIVE;
				CLANG_WARN_UNREACHABLE_CODE = YES;
				CLANG_WARN__DUPLICATE_METHOD_MATCH = YES;
				COPY_PHASE_STRIP = NO;
				DEAD_CODE_STRIPPING = YES;
				DEBUG_INFORMATION_FORMAT = "dwarf-with-dsym";
				ENABLE_NS_ASSERTIONS = NO;
				ENABLE_STRICT_OBJC_MSGSEND = YES;
				ENABLE_USER_SCRIPT_SANDBOXING = YES;
				GCC_C_LANGUAGE_STANDARD = gnu17;
				GCC_NO_COMMON_BLOCKS = YES;
				GCC_WARN_64_TO_32_BIT_CONVERSION = YES;
				GCC_WARN_ABOUT_RETURN_TYPE = YES_ERROR;
				GCC_WARN_UNDECLARED_SELECTOR = YES;
				GCC_WARN_UNINITIALIZED_AUTOS = YES_AGGRESSIVE;
				GCC_WARN_UNUSED_FUNCTION = YES;
				GCC_WARN_UNUSED_VARIABLE = YES;
				IPHONEOS_DEPLOYMENT_TARGET = 17.0;
				LOCALIZATION_PREFERS_STRING_CATALOGS = YES;
				MTL_ENABLE_DEBUG_INFO = NO;
				MTL_FAST_MATH = YES;
				SDKROOT = auto;
				STRING_CATALOG_GENERATE_SYMBOLS = YES;
				SWIFT_COMPILATION_MODE = wholemodule;
				VALIDATE_PRODUCT = YES;
			};
			name = Release;
		};
		E000000000000000000000008 /* Debug */ = {
			isa = XCBuildConfiguration;
			buildSettings = {
				ASSETCATALOG_COMPILER_APPICON_NAME = AppIcon;
				ASSETCATALOG_COMPILER_GLOBAL_ACCENT_COLOR_NAME = AccentColor;
				"CODE_SIGN_ENTITLEMENTS[sdk=iphoneos*]" = Faro/FaroIOS.entitlements;
				"CODE_SIGN_ENTITLEMENTS[sdk=iphonesimulator*]" = Faro/FaroIOS.entitlements;
				CODE_SIGN_STYLE = Automatic;
				CURRENT_PROJECT_VERSION = 1;
				DEAD_CODE_STRIPPING = YES;
				DEVELOPMENT_ASSET_PATHS = "";
				ENABLE_HARDENED_RUNTIME = YES;
				ENABLE_PREVIEWS = YES;
				GENERATE_INFOPLIST_FILE = NO;
				INFOPLIST_FILE = Faro/Info.plist;
				INFOPLIST_KEY_UIApplicationSceneManifest_Generation = YES;
				INFOPLIST_KEY_UIApplicationSupportsIndirectInputEvents = YES;
				INFOPLIST_KEY_UILaunchScreen_Generation = YES;
				INFOPLIST_KEY_UISupportedInterfaceOrientations_iPad = "UIInterfaceOrientationPortrait UIInterfaceOrientationPortraitUpsideDown UIInterfaceOrientationLandscapeLeft UIInterfaceOrientationLandscapeRight";
				INFOPLIST_KEY_UISupportedInterfaceOrientations_iPhone = "UIInterfaceOrientationPortrait UIInterfaceOrientationLandscapeLeft UIInterfaceOrientationLandscapeRight";
				IPHONEOS_DEPLOYMENT_TARGET = 17.0;
				LD_RUNPATH_SEARCH_PATHS = (
					"$(inherited)",
					"@executable_path/Frameworks",
				);
				MARKETING_VERSION = 1.0;
				PRODUCT_BUNDLE_IDENTIFIER = com.faro.Faro;
				PRODUCT_NAME = "$(TARGET_NAME)";
				SUPPORTED_PLATFORMS = "iphoneos iphonesimulator";
				SUPPORTS_MACCATALYST = NO;
				SWIFT_EMIT_LOC_STRINGS = YES;
				SWIFT_STRICT_CONCURRENCY = complete;
				SWIFT_VERSION = 5.0;
				TARGETED_DEVICE_FAMILY = "1,2";
			};
			name = Debug;
		};
		E000000000000000000000009 /* Release */ = {
			isa = XCBuildConfiguration;
			buildSettings = {
				ASSETCATALOG_COMPILER_APPICON_NAME = AppIcon;
				ASSETCATALOG_COMPILER_GLOBAL_ACCENT_COLOR_NAME = AccentColor;
				"CODE_SIGN_ENTITLEMENTS[sdk=iphoneos*]" = Faro/FaroIOS.entitlements;
				"CODE_SIGN_ENTITLEMENTS[sdk=iphonesimulator*]" = Faro/FaroIOS.entitlements;
				CODE_SIGN_STYLE = Automatic;
				CURRENT_PROJECT_VERSION = 1;
				DEAD_CODE_STRIPPING = YES;
				DEVELOPMENT_ASSET_PATHS = "";
				ENABLE_HARDENED_RUNTIME = YES;
				ENABLE_PREVIEWS = YES;
				GENERATE_INFOPLIST_FILE = NO;
				INFOPLIST_FILE = Faro/Info.plist;
				INFOPLIST_KEY_UIApplicationSceneManifest_Generation = YES;
				INFOPLIST_KEY_UIApplicationSupportsIndirectInputEvents = YES;
				INFOPLIST_KEY_UILaunchScreen_Generation = YES;
				INFOPLIST_KEY_UISupportedInterfaceOrientations_iPad = "UIInterfaceOrientationPortrait UIInterfaceOrientationPortraitUpsideDown UIInterfaceOrientationLandscapeLeft UIInterfaceOrientationLandscapeRight";
				INFOPLIST_KEY_UISupportedInterfaceOrientations_iPhone = "UIInterfaceOrientationPortrait UIInterfaceOrientationLandscapeLeft UIInterfaceOrientationLandscapeRight";
				IPHONEOS_DEPLOYMENT_TARGET = 17.0;
				LD_RUNPATH_SEARCH_PATHS = (
					"$(inherited)",
					"@executable_path/Frameworks",
				);
				MARKETING_VERSION = 1.0;
				PRODUCT_BUNDLE_IDENTIFIER = com.faro.Faro;
				PRODUCT_NAME = "$(TARGET_NAME)";
				SUPPORTED_PLATFORMS = "iphoneos iphonesimulator";
				SUPPORTS_MACCATALYST = NO;
				SWIFT_EMIT_LOC_STRINGS = YES;
				SWIFT_STRICT_CONCURRENCY = complete;
				SWIFT_VERSION = 5.0;
				TARGETED_DEVICE_FAMILY = "1,2";
			};
			name = Release;
		};
		F10000000000000000000029 /* Debug */ = {
			isa = XCBuildConfiguration;
			buildSettings = {
				APPLICATION_EXTENSION_API_ONLY = YES;
				"CODE_SIGN_ENTITLEMENTS[sdk=iphoneos*]" = FaroWidget/FaroWidget.entitlements;
				"CODE_SIGN_ENTITLEMENTS[sdk=iphonesimulator*]" = FaroWidget/FaroWidget.entitlements;
				CODE_SIGN_STYLE = Automatic;
				CURRENT_PROJECT_VERSION = 1;
				DEVELOPMENT_TEAM = 55QTLX7JV3;
				GENERATE_INFOPLIST_FILE = NO;
				INFOPLIST_FILE = FaroWidget/Info.plist;
				IPHONEOS_DEPLOYMENT_TARGET = 17.0;
				LD_RUNPATH_SEARCH_PATHS = (
					"$(inherited)",
					"@executable_path/Frameworks",
					"@executable_path/../../Frameworks",
				);
				MARKETING_VERSION = 1.0;
				PRODUCT_BUNDLE_IDENTIFIER = com.faro.Faro.widget.mertkanibir;
				PRODUCT_NAME = "$(TARGET_NAME)";
				SKIP_INSTALL = YES;
				SUPPORTED_PLATFORMS = "iphoneos iphonesimulator";
				SWIFT_EMIT_LOC_STRINGS = YES;
				SWIFT_VERSION = 5.0;
				TARGETED_DEVICE_FAMILY = "1,2";
			};
			name = Debug;
		};
		F1000000000000000000002A /* Release */ = {
			isa = XCBuildConfiguration;
			buildSettings = {
				APPLICATION_EXTENSION_API_ONLY = YES;
				"CODE_SIGN_ENTITLEMENTS[sdk=iphoneos*]" = FaroWidget/FaroWidget.entitlements;
				"CODE_SIGN_ENTITLEMENTS[sdk=iphonesimulator*]" = FaroWidget/FaroWidget.entitlements;
				CODE_SIGN_STYLE = Automatic;
				CURRENT_PROJECT_VERSION = 1;
				DEVELOPMENT_TEAM = 55QTLX7JV3;
				GENERATE_INFOPLIST_FILE = NO;
				INFOPLIST_FILE = FaroWidget/Info.plist;
				IPHONEOS_DEPLOYMENT_TARGET = 17.0;
				LD_RUNPATH_SEARCH_PATHS = (
					"$(inherited)",
					"@executable_path/Frameworks",
					"@executable_path/../../Frameworks",
				);
				MARKETING_VERSION = 1.0;
				PRODUCT_BUNDLE_IDENTIFIER = com.faro.Faro.widget.mertkanibir;
				PRODUCT_NAME = "$(TARGET_NAME)";
				SKIP_INSTALL = YES;
				SUPPORTED_PLATFORMS = "iphoneos iphonesimulator";
				SWIFT_EMIT_LOC_STRINGS = YES;
				SWIFT_VERSION = 5.0;
				TARGETED_DEVICE_FAMILY = "1,2";
			};
			name = Release;
		};
/* End XCBuildConfiguration section */

/* Begin XCConfigurationList section */
		E00000000000000000000000A /* Build configuration list for PBXProject "Faro" */ = {
			isa = XCConfigurationList;
			buildConfigurations = (
				E000000000000000000000006 /* Debug */,
				E000000000000000000000007 /* Release */,
			);
			defaultConfigurationIsVisible = 0;
			defaultConfigurationName = Release;
		};
		E00000000000000000000000B /* Build configuration list for PBXNativeTarget "Faro" */ = {
			isa = XCConfigurationList;
			buildConfigurations = (
				E000000000000000000000008 /* Debug */,
				E000000000000000000000009 /* Release */,
			);
			defaultConfigurationIsVisible = 0;
			defaultConfigurationName = Release;
		};
		F1000000000000000000002B /* Build configuration list for PBXNativeTarget "FaroWidgetExtension" */ = {
			isa = XCConfigurationList;
			buildConfigurations = (
				F10000000000000000000029 /* Debug */,
				F1000000000000000000002A /* Release */,
			);
			defaultConfigurationIsVisible = 0;
			defaultConfigurationName = Release;
		};
/* End XCConfigurationList section */
	};
	rootObject = E000000000000000000000001 /* Project object */;
}
